
Microsoft Visual Studio Solution File, Format Version 12.00
# Visual Studio Version 17
VisualStudioVersion = 17.2.32210.308
MinimumVisualStudioVersion = 10.0.40219.1
Project("{FAE04EC0-301F-11D3-BF4B-00C04F79EFBC}") = "NFTAnalyser", "NFTAnalyser\NFTAnalyser.csproj", "{E3607000-EF89-4D7E-837F-D82091EEF07C}"
EndProject
Global
	GlobalSection(SolutionConfigurationPlatforms) = preSolution
		Debug|Any CPU = Debug|Any CPU
		Release|Any CPU = Release|Any CPU
	EndGlobalSection
	GlobalSection(ProjectConfigurationPlatforms) = postSolution
		{E3607000-EF89-4D7E-837F-D82091EEF07C}.Debug|Any CPU.ActiveCfg = Debug|Any CPU
		{E3607000-EF89-4D7E-837F-D82091EEF07C}.Debug|Any CPU.Build.0 = Debug|Any CPU
		{E3607000-EF89-4D7E-837F-D82091EEF07C}.Release|Any CPU.ActiveCfg = Release|Any CPU
		{E3607000-EF89-4D7E-837F-D82091EEF07C}.Release|Any CPU.Build.0 = Release|Any CPU
	EndGlobalSection
	GlobalSection(SolutionProperties) = preSolution
		HideSolutionNode = FALSE
	EndGlobalSection
	GlobalSection(ExtensibilityGlobals) = postSolution
		SolutionGuid = {4A9D5DF6-3215-4AB1-8F90-1EC20F7B8142}
	EndGlobalSection
EndGlobal
